
Microsoft Visual Studio Solution File, Format Version 12.00
# Visual Studio Version 17
VisualStudioVersion = 17.9.34723.18
MinimumVisualStudioVersion = 10.0.40219.1
Project("{FAE04EC0-301F-11D3-BF4B-00C04F79EFBC}") = "SalesWebMcv", "SalesWebMcv\SalesWebMcv.csproj", "{DF9EE2EA-28A6-446A-B2C1-49993B394D6A}"
EndProject
Global
	GlobalSection(SolutionConfigurationPlatforms) = preSolution
		Debug|Any CPU = Debug|Any CPU
		Release|Any CPU = Release|Any CPU
	EndGlobalSection
	GlobalSection(ProjectConfigurationPlatforms) = postSolution
		{DF9EE2EA-28A6-446A-B2C1-49993B394D6A}.Debug|Any CPU.ActiveCfg = Debug|Any CPU
		{DF9EE2EA-28A6-446A-B2C1-49993B394D6A}.Debug|Any CPU.Build.0 = Debug|Any CPU
		{DF9EE2EA-28A6-446A-B2C1-49993B394D6A}.Release|Any CPU.ActiveCfg = Release|Any CPU
		{DF9EE2EA-28A6-446A-B2C1-49993B394D6A}.Release|Any CPU.Build.0 = Release|Any CPU
	EndGlobalSection
	GlobalSection(SolutionProperties) = preSolution
		HideSolutionNode = FALSE
	EndGlobalSection
	GlobalSection(ExtensibilityGlobals) = postSolution
		SolutionGuid = {E4D822DB-725E-449E-9C5A-12C9A3613B67}
	EndGlobalSection
EndGlobal
